{
  "version": 4,
  "terraform_version": "1.5.7",
  "serial": 13,
  "lineage": "b656af08-236e-4a48-fb95-e99d9c67e3e7",
  "outputs": {
    "external_ip_address_vm_1": {
      "value": "51.250.68.66",
      "type": "string"
    },
    "internal_ip_address_vm_1": {
      "value": "10.2.0.27",
      "type": "string"
    }
  },
  "resources": [
    {
      "mode": "managed",
      "type": "yandex_compute_instance",
      "name": "vm-1",
      "provider": "provider[\"registry.terraform.io/yandex-cloud/yandex\"]",
      "instances": [
        {
          "schema_version": 1,
          "attributes": {
            "allow_recreate": null,
            "allow_stopping_for_update": null,
            "boot_disk": [
              {
                "auto_delete": true,
                "device_name": "fhm2jhri2cvgeq042bjr",
                "disk_id": "fhm2jhri2cvgeq042bjr",
                "initialize_params": [
                  {
                    "block_size": 4096,
                    "description": "",
                    "image_id": "fd87tpnjjtbeurng6kpq",
                    "kms_key_id": "",
                    "name": "",
                    "size": 10,
                    "snapshot_id": "",
                    "type": "network-hdd"
                  }
                ],
                "mode": "READ_WRITE"
              }
            ],
            "created_at": "2025-10-24T23:30:33Z",
            "description": "",
            "filesystem": [],
            "folder_id": "b1g8pp93jm0ckrfmue01",
            "fqdn": "fhmaggoouc8tnsqt0cpk.auto.internal",
            "gpu_cluster_id": "",
            "hardware_generation": [
              {
                "generation2_features": [],
                "legacy_features": [
                  {
                    "pci_topology": "PCI_TOPOLOGY_V2"
                  }
                ]
              }
            ],
            "hostname": "",
            "id": "fhmaggoouc8tnsqt0cpk",
            "labels": null,
            "local_disk": [],
            "maintenance_grace_period": "",
            "maintenance_policy": null,
            "metadata": {
              "ssh-keys": "ubuntu:ssh-rsa AAAAB3NzaC1yc2EAAAADAQABAAABgQDJqh6CWvyWI618xnfHKpuz1dseMfin4BjQvzBipMzTnJrm6PRWzH5JrsG5Nh4x1vlsv/9TQqCOOjEMGyB2xERZMuDHVQaQ81mW5e2tdAw13D6xm8dgdZdS7UM1de4C0r2kDw4z8rG3nIxg11v5DZoLoLBqWAgWVMORaaLb2KF32xlt0RoLK9LFT8GtuVlzV4mB5x9C532l65iihnQ2RK2kC5IKheJU15FrDWLlnMCZZtpVLs5GgR6s8b8ah48it5Teu0zbbGocBV/MNdjLgXF2Q3OOT6SLE84jqlA7qM9y9SK+I/X+AX82JUd8W/RhxLWww++yhvmfluqYP0vRf5ySBThSwqIZbJDdwE0KWoZDSdcxzxHqeR4HXQTFuJspTKHNEpqDR/JEx5xKCjRTs02g2UxtPXoUBXt7t4gn71WoNsO+ayR32Cydk4E+JWWrkopqaaUsyJugAjyFuzn7mgfo29ipVLI2+sgJQo+A26WngeYKHxAKhMbrEm+tMszvmms= m.stein@m-stein\n"
            },
            "metadata_options": [
              {
                "aws_v1_http_endpoint": 1,
                "aws_v1_http_token": 2,
                "gce_http_endpoint": 1,
                "gce_http_token": 1
              }
            ],
            "name": "from-terraform-vm",
            "network_acceleration_type": "standard",
            "network_interface": [
              {
                "dns_record": [],
                "index": 0,
                "ip_address": "10.2.0.27",
                "ipv4": true,
                "ipv6": false,
                "ipv6_address": "",
                "ipv6_dns_record": [],
                "mac_address": "d0:0d:a8:43:18:f3",
                "nat": true,
                "nat_dns_record": [],
                "nat_ip_address": "51.250.68.66",
                "nat_ip_version": "IPV4",
                "security_group_ids": null,
                "subnet_id": "e9brq28ah7c2ifkqr2n2"
              }
            ],
            "placement_policy": [
              {
                "host_affinity_rules": [],
                "placement_group_id": "",
                "placement_group_partition": 0
              }
            ],
            "platform_id": "standard-v1",
            "resources": [
              {
                "core_fraction": 100,
                "cores": 2,
                "gpus": 0,
                "memory": 2
              }
            ],
            "scheduling_policy": [
              {
                "preemptible": false
              }
            ],
            "secondary_disk": [],
            "service_account_id": "",
            "status": "running",
            "timeouts": null,
            "zone": "ru-central1-a"
          },
          "sensitive_attributes": [],
          "private": "eyJlMmJmYjczMC1lY2FhLTExZTYtOGY4OC0zNDM2M2JjN2M0YzAiOnsiY3JlYXRlIjozMDAwMDAwMDAwMDAsImRlbGV0ZSI6MzAwMDAwMDAwMDAwLCJ1cGRhdGUiOjMwMDAwMDAwMDAwMH0sInNjaGVtYV92ZXJzaW9uIjoiMSJ9",
          "dependencies": [
            "yandex_vpc_network.network-1",
            "yandex_vpc_subnet.subnet-1"
          ]
        }
      ]
    },
    {
      "mode": "managed",
      "type": "yandex_vpc_network",
      "name": "network-1",
      "provider": "provider[\"registry.terraform.io/yandex-cloud/yandex\"]",
      "instances": [
        {
          "schema_version": 0,
          "attributes": {
            "created_at": "2025-10-24T23:30:30Z",
            "default_security_group_id": "enppndvo84nbpj3clet5",
            "description": "",
            "folder_id": "b1g8pp93jm0ckrfmue01",
            "id": "enpfmcofpl9lpu1e73cv",
            "labels": {},
            "name": "from-terraform-network",
            "subnet_ids": [],
            "timeouts": null
          },
          "sensitive_attributes": [],
          "private": "eyJlMmJmYjczMC1lY2FhLTExZTYtOGY4OC0zNDM2M2JjN2M0YzAiOnsiY3JlYXRlIjo2MDAwMDAwMDAwMCwiZGVsZXRlIjo2MDAwMDAwMDAwMCwidXBkYXRlIjo2MDAwMDAwMDAwMH19"
        }
      ]
    },
    {
      "mode": "managed",
      "type": "yandex_vpc_subnet",
      "name": "subnet-1",
      "provider": "provider[\"registry.terraform.io/yandex-cloud/yandex\"]",
      "instances": [
        {
          "schema_version": 0,
          "attributes": {
            "created_at": "2025-10-24T23:30:32Z",
            "description": "",
            "dhcp_options": [],
            "folder_id": "b1g8pp93jm0ckrfmue01",
            "id": "e9brq28ah7c2ifkqr2n2",
            "labels": {},
            "name": "from-terraform-subnet",
            "network_id": "enpfmcofpl9lpu1e73cv",
            "route_table_id": "",
            "timeouts": null,
            "v4_cidr_blocks": [
              "10.2.0.0/16"
            ],
            "v6_cidr_blocks": [],
            "zone": "ru-central1-a"
          },
          "sensitive_attributes": [],
          "private": "eyJlMmJmYjczMC1lY2FhLTExZTYtOGY4OC0zNDM2M2JjN2M0YzAiOnsiY3JlYXRlIjoxODAwMDAwMDAwMDAsImRlbGV0ZSI6MTgwMDAwMDAwMDAwLCJ1cGRhdGUiOjE4MDAwMDAwMDAwMH19",
          "dependencies": [
            "yandex_vpc_network.network-1"
          ]
        }
      ]
    }
  ],
  "check_results": null
}
